
Microsoft Visual Studio Solution File, Format Version 12.00
# Visual Studio Version 16
VisualStudioVersion = 16.0.30804.86
MinimumVisualStudioVersion = 10.0.40219.1
Project("{FAE04EC0-301F-11D3-BF4B-00C04F79EFBC}") = "ejercicio4", "ejercicio4\ejercicio4.csproj", "{CFAC310B-F5CD-41D6-AACA-310701430951}"
EndProject
Global
	GlobalSection(SolutionConfigurationPlatforms) = preSolution
		Debug|Any CPU = Debug|Any CPU
		Release|Any CPU = Release|Any CPU
	EndGlobalSection
	GlobalSection(ProjectConfigurationPlatforms) = postSolution
		{CFAC310B-F5CD-41D6-AACA-310701430951}.Debug|Any CPU.ActiveCfg = Debug|Any CPU
		{CFAC310B-F5CD-41D6-AACA-310701430951}.Debug|Any CPU.Build.0 = Debug|Any CPU
		{CFAC310B-F5CD-41D6-AACA-310701430951}.Release|Any CPU.ActiveCfg = Release|Any CPU
		{CFAC310B-F5CD-41D6-AACA-310701430951}.Release|Any CPU.Build.0 = Release|Any CPU
	EndGlobalSection
	GlobalSection(SolutionProperties) = preSolution
		HideSolutionNode = FALSE
	EndGlobalSection
	GlobalSection(ExtensibilityGlobals) = postSolution
		SolutionGuid = {16CF1288-298A-42A8-825D-8873E9807A5B}
	EndGlobalSection
EndGlobal
